
Microsoft Visual Studio Solution File, Format Version 12.00
# Visual Studio Version 16
VisualStudioVersion = 16.0.29025.244
MinimumVisualStudioVersion = 10.0.40219.1
Project("{FAE04EC0-301F-11D3-BF4B-00C04F79EFBC}") = "ChatApp", "ChatApp\ChatApp.csproj", "{A42E2F22-6073-444F-9638-1F7C23BF8B4F}"
EndProject
Global
	GlobalSection(SolutionConfigurationPlatforms) = preSolution
		Debug|Any CPU = Debug|Any CPU
		Release|Any CPU = Release|Any CPU
	EndGlobalSection
	GlobalSection(ProjectConfigurationPlatforms) = postSolution
		{A42E2F22-6073-444F-9638-1F7C23BF8B4F}.Debug|Any CPU.ActiveCfg = Debug|Any CPU
		{A42E2F22-6073-444F-9638-1F7C23BF8B4F}.Debug|Any CPU.Build.0 = Debug|Any CPU
		{A42E2F22-6073-444F-9638-1F7C23BF8B4F}.Release|Any CPU.ActiveCfg = Release|Any CPU
		{A42E2F22-6073-444F-9638-1F7C23BF8B4F}.Release|Any CPU.Build.0 = Release|Any CPU
	EndGlobalSection
	GlobalSection(SolutionProperties) = preSolution
		HideSolutionNode = FALSE
	EndGlobalSection
	GlobalSection(ExtensibilityGlobals) = postSolution
		SolutionGuid = {14EDC668-CF65-4E5D-9A11-B6414ED64B79}
	EndGlobalSection
EndGlobal
